
Microsoft Visual Studio Solution File, Format Version 12.00
# Visual Studio Version 17
VisualStudioVersion = 17.14.36623.8
MinimumVisualStudioVersion = 10.0.40219.1
Project("{9A19103F-16F7-4668-BE54-9A1E7A4F7556}") = "AzureBlobProject", "AzureBlobProject\AzureBlobProject.csproj", "{86897573-433F-4246-94B5-ED2482240D21}"
	ProjectSection(ProjectDependencies) = postProject
		{FFBCEF17-72D5-4697-80D4-2652C0DE0FAC} = {FFBCEF17-72D5-4697-80D4-2652C0DE0FAC}
	EndProjectSection
EndProject
Project("{2150E333-8FDC-42A3-9474-1A3956D46DE8}") = "AzureBlobExample", "AzureBlobExample", "{02EA681E-C7D8-13C7-8484-4AC65E1B71E8}"
EndProject
Project("{2150E333-8FDC-42A3-9474-1A3956D46DE8}") = "AzureFunctionExample", "AzureFunctionExample", "{8E241905-B581-4ECA-AC2D-A3829A3CAE36}"
EndProject
Project("{9A19103F-16F7-4668-BE54-9A1E7A4F7556}") = "AzureFunctionTangyWeb", "AzureFunctionTangyWeb\AzureFunctionTangyWeb.csproj", "{FFBCEF17-72D5-4697-80D4-2652C0DE0FAC}"
EndProject
Project("{FAE04EC0-301F-11D3-BF4B-00C04F79EFBC}") = "TangyAzureFunction", "TangyAzureFunction\TangyAzureFunction.csproj", "{84E37BB6-3FF3-4E31-99B6-F2ED305F6453}"
EndProject
Global
	GlobalSection(SolutionConfigurationPlatforms) = preSolution
		Debug|Any CPU = Debug|Any CPU
		Release|Any CPU = Release|Any CPU
	EndGlobalSection
	GlobalSection(ProjectConfigurationPlatforms) = postSolution
		{86897573-433F-4246-94B5-ED2482240D21}.Debug|Any CPU.ActiveCfg = Debug|Any CPU
		{86897573-433F-4246-94B5-ED2482240D21}.Debug|Any CPU.Build.0 = Debug|Any CPU
		{86897573-433F-4246-94B5-ED2482240D21}.Release|Any CPU.ActiveCfg = Release|Any CPU
		{86897573-433F-4246-94B5-ED2482240D21}.Release|Any CPU.Build.0 = Release|Any CPU
		{FFBCEF17-72D5-4697-80D4-2652C0DE0FAC}.Debug|Any CPU.ActiveCfg = Debug|Any CPU
		{FFBCEF17-72D5-4697-80D4-2652C0DE0FAC}.Debug|Any CPU.Build.0 = Debug|Any CPU
		{FFBCEF17-72D5-4697-80D4-2652C0DE0FAC}.Release|Any CPU.ActiveCfg = Release|Any CPU
		{FFBCEF17-72D5-4697-80D4-2652C0DE0FAC}.Release|Any CPU.Build.0 = Release|Any CPU
		{84E37BB6-3FF3-4E31-99B6-F2ED305F6453}.Debug|Any CPU.ActiveCfg = Debug|Any CPU
		{84E37BB6-3FF3-4E31-99B6-F2ED305F6453}.Debug|Any CPU.Build.0 = Debug|Any CPU
		{84E37BB6-3FF3-4E31-99B6-F2ED305F6453}.Release|Any CPU.ActiveCfg = Release|Any CPU
		{84E37BB6-3FF3-4E31-99B6-F2ED305F6453}.Release|Any CPU.Build.0 = Release|Any CPU
	EndGlobalSection
	GlobalSection(SolutionProperties) = preSolution
		HideSolutionNode = FALSE
	EndGlobalSection
	GlobalSection(NestedProjects) = preSolution
		{86897573-433F-4246-94B5-ED2482240D21} = {02EA681E-C7D8-13C7-8484-4AC65E1B71E8}
		{FFBCEF17-72D5-4697-80D4-2652C0DE0FAC} = {8E241905-B581-4ECA-AC2D-A3829A3CAE36}
		{84E37BB6-3FF3-4E31-99B6-F2ED305F6453} = {8E241905-B581-4ECA-AC2D-A3829A3CAE36}
	EndGlobalSection
	GlobalSection(ExtensibilityGlobals) = postSolution
		SolutionGuid = {8362181E-B31A-42A2-BAC9-27DA3A51C6C6}
	EndGlobalSection
EndGlobal
